// !$*UTF8*$!
{
	archiveVersion = 1;
	classes = {
	};
	objectVersion = 50;
	objects = {

/* Begin PBXBuildFile section */
		B122B0C120DD06B200672802 /* AppDelegate.swift in Sources */ = {isa = PBXBuildFile; fileRef = B122B0C020DD06B200672802 /* AppDelegate.swift */; };
		B122B0C320DD06B200672802 /* LoginViewController.swift in Sources */ = {isa = PBXBuildFile; fileRef = B122B0C220DD06B200672802 /* LoginViewController.swift */; };
		B122B0C620DD06B200672802 /* Main.storyboard in Resources */ = {isa = PBXBuildFile; fileRef = B122B0C420DD06B200672802 /* Main.storyboard */; };
		B122B0C820DD06B400672802 /* Assets.xcassets in Resources */ = {isa = PBXBuildFile; fileRef = B122B0C720DD06B400672802 /* Assets.xcassets */; };
		B122B0CB20DD06B400672802 /* LaunchScreen.storyboard in Resources */ = {isa = PBXBuildFile; fileRef = B122B0C920DD06B400672802 /* LaunchScreen.storyboard */; };
		B122B0D620DD0C2100672802 /* GCDBlackBox.swift in Sources */ = {isa = PBXBuildFile; fileRef = B122B0D520DD0C2100672802 /* GCDBlackBox.swift */; };
		B19940CA20DFA62200542717 /* LocationsMapViewController.swift in Sources */ = {isa = PBXBuildFile; fileRef = B19940C920DFA62200542717 /* LocationsMapViewController.swift */; };
		B19940CC20E01FAA00542717 /* LocationAdditionViewController.swift in Sources */ = {isa = PBXBuildFile; fileRef = B19940CB20E01FAA00542717 /* LocationAdditionViewController.swift */; };
		B19940CE20E0C72400542717 /* LocationAdditionMapViewController.swift in Sources */ = {isa = PBXBuildFile; fileRef = B19940CD20E0C72400542717 /* LocationAdditionMapViewController.swift */; };
		B19940D020E0D07400542717 /* NewStudentLocation.swift in Sources */ = {isa = PBXBuildFile; fileRef = B19940CF20E0D07400542717 /* NewStudentLocation.swift */; };
		B199412420ED259D00542717 /* StudentLocations.swift in Sources */ = {isa = PBXBuildFile; fileRef = B199412320ED259D00542717 /* StudentLocations.swift */; };
		B1EFF17E20DE24FE004055CC /* UdacityClient.swift in Sources */ = {isa = PBXBuildFile; fileRef = B1EFF17D20DE24FE004055CC /* UdacityClient.swift */; };
		B1EFF18020DE2511004055CC /* UdacityConvenience.swift in Sources */ = {isa = PBXBuildFile; fileRef = B1EFF17F20DE2511004055CC /* UdacityConvenience.swift */; };
		B1EFF18220DE2528004055CC /* UdacityConsants.swift in Sources */ = {isa = PBXBuildFile; fileRef = B1EFF18120DE2528004055CC /* UdacityConsants.swift */; };
		B1EFF18420DE99B3004055CC /* ParseClient.swift in Sources */ = {isa = PBXBuildFile; fileRef = B1EFF18320DE99B3004055CC /* ParseClient.swift */; };
		B1EFF18620DE99EE004055CC /* ParseConvenience .swift in Sources */ = {isa = PBXBuildFile; fileRef = B1EFF18520DE99EE004055CC /* ParseConvenience .swift */; };
		B1EFF18820DE9A00004055CC /* ParseConstants .swift in Sources */ = {isa = PBXBuildFile; fileRef = B1EFF18720DE9A00004055CC /* ParseConstants .swift */; };
		B1EFF18A20DE9A25004055CC /* StudentInformation.swift in Sources */ = {isa = PBXBuildFile; fileRef = B1EFF18920DE9A25004055CC /* StudentInformation.swift */; };
		B1EFF18C20DEBF05004055CC /* LocationsTableViewController.swift in Sources */ = {isa = PBXBuildFile; fileRef = B1EFF18B20DEBF05004055CC /* LocationsTableViewController.swift */; };
/* End PBXBuildFile section */

/* Begin PBXFileReference section */
		B122B0BD20DD06B200672802 /* OnTheMap.app */ = {isa = PBXFileReference; explicitFileType = wrapper.application; includeInIndex = 0; path = OnTheMap.app; sourceTree = BUILT_PRODUCTS_DIR; };
		B122B0C020DD06B200672802 /* AppDelegate.swift */ = {isa = PBXFileReference; lastKnownFileType = sourcecode.swift; path = AppDelegate.swift; sourceTree = "<group>"; };
		B122B0C220DD06B200672802 /* LoginViewController.swift */ = {isa = PBXFileReference; lastKnownFileType = sourcecode.swift; path = LoginViewController.swift; sourceTree = "<group>"; };
		B122B0C520DD06B200672802 /* Base */ = {isa = PBXFileReference; lastKnownFileType = file.storyboard; name = Base; path = Base.lproj/Main.storyboard; sourceTree = "<group>"; };
		B122B0C720DD06B400672802 /* Assets.xcassets */ = {isa = PBXFileReference; lastKnownFileType = folder.assetcatalog; path = Assets.xcassets; sourceTree = "<group>"; };
		B122B0CA20DD06B400672802 /* Base */ = {isa = PBXFileReference; lastKnownFileType = file.storyboard; name = Base; path = Base.lproj/LaunchScreen.storyboard; sourceTree = "<group>"; };
		B122B0CC20DD06B400672802 /* Info.plist */ = {isa = PBXFileReference; lastKnownFileType = text.plist.xml; path = Info.plist; sourceTree = "<group>"; };
		B122B0D520DD0C2100672802 /* GCDBlackBox.swift */ = {isa = PBXFileReference; lastKnownFileType = sourcecode.swift; path = GCDBlackBox.swift; sourceTree = "<group>"; };
		B19940C920DFA62200542717 /* LocationsMapViewController.swift */ = {isa = PBXFileReference; lastKnownFileType = sourcecode.swift; path = LocationsMapViewController.swift; sourceTree = "<group>"; };
		B19940CB20E01FAA00542717 /* LocationAdditionViewController.swift */ = {isa = PBXFileReference; lastKnownFileType = sourcecode.swift; path = LocationAdditionViewController.swift; sourceTree = "<group>"; };
		B19940CD20E0C72400542717 /* LocationAdditionMapViewController.swift */ = {isa = PBXFileReference; lastKnownFileType = sourcecode.swift; path = LocationAdditionMapViewController.swift; sourceTree = "<group>"; };
		B19940CF20E0D07400542717 /* NewStudentLocation.swift */ = {isa = PBXFileReference; lastKnownFileType = sourcecode.swift; path = NewStudentLocation.swift; sourceTree = "<group>"; };
		B199412320ED259D00542717 /* StudentLocations.swift */ = {isa = PBXFileReference; lastKnownFileType = sourcecode.swift; path = StudentLocations.swift; sourceTree = "<group>"; };
		B1EFF17D20DE24FE004055CC /* UdacityClient.swift */ = {isa = PBXFileReference; lastKnownFileType = sourcecode.swift; path = UdacityClient.swift; sourceTree = "<group>"; };
		B1EFF17F20DE2511004055CC /* UdacityConvenience.swift */ = {isa = PBXFileReference; lastKnownFileType = sourcecode.swift; path = UdacityConvenience.swift; sourceTree = "<group>"; };
		B1EFF18120DE2528004055CC /* UdacityConsants.swift */ = {isa = PBXFileReference; lastKnownFileType = sourcecode.swift; path = UdacityConsants.swift; sourceTree = "<group>"; };
		B1EFF18320DE99B3004055CC /* ParseClient.swift */ = {isa = PBXFileReference; lastKnownFileType = sourcecode.swift; path = ParseClient.swift; sourceTree = "<group>"; };
		B1EFF18520DE99EE004055CC /* ParseConvenience .swift */ = {isa = PBXFileReference; lastKnownFileType = sourcecode.swift; path = "ParseConvenience .swift"; sourceTree = "<group>"; };
		B1EFF18720DE9A00004055CC /* ParseConstants .swift */ = {isa = PBXFileReference; lastKnownFileType = sourcecode.swift; path = "ParseConstants .swift"; sourceTree = "<group>"; };
		B1EFF18920DE9A25004055CC /* StudentInformation.swift */ = {isa = PBXFileReference; lastKnownFileType = sourcecode.swift; path = StudentInformation.swift; sourceTree = "<group>"; };
		B1EFF18B20DEBF05004055CC /* LocationsTableViewController.swift */ = {isa = PBXFileReference; lastKnownFileType = sourcecode.swift; path = LocationsTableViewController.swift; sourceTree = "<group>"; };
/* End PBXFileReference section */

/* Begin PBXFrameworksBuildPhase section */
		B122B0BA20DD06B200672802 /* Frameworks */ = {
			isa = PBXFrameworksBuildPhase;
			buildActionMask = 2147483647;
			files = (
			);
			runOnlyForDeploymentPostprocessing = 0;
		};
/* End PBXFrameworksBuildPhase section */

/* Begin PBXGroup section */
		B122B0B420DD06B200672802 = {
			isa = PBXGroup;
			children = (
				B122B0BF20DD06B200672802 /* OnTheMap */,
				B122B0BE20DD06B200672802 /* Products */,
			);
			sourceTree = "<group>";
		};
		B122B0BE20DD06B200672802 /* Products */ = {
			isa = PBXGroup;
			children = (
				B122B0BD20DD06B200672802 /* OnTheMap.app */,
			);
			name = Products;
			sourceTree = "<group>";
		};
		B122B0BF20DD06B200672802 /* OnTheMap */ = {
			isa = PBXGroup;
			children = (
				B122B0C020DD06B200672802 /* AppDelegate.swift */,
				B122B0D520DD0C2100672802 /* GCDBlackBox.swift */,
				B1EFF17920DE24A7004055CC /* Model */,
				B122B0D420DD0BA100672802 /* Controller */,
				B122B0D320DD0B7400672802 /* Assets */,
				B122B0D220DD0A8D00672802 /* Supporting Files */,
			);
			path = OnTheMap;
			sourceTree = "<group>";
		};
		B122B0D220DD0A8D00672802 /* Supporting Files */ = {
			isa = PBXGroup;
			children = (
				B122B0CC20DD06B400672802 /* Info.plist */,
			);
			path = "Supporting Files";
			sourceTree = "<group>";
		};
		B122B0D320DD0B7400672802 /* Assets */ = {
			isa = PBXGroup;
			children = (
				B122B0C920DD06B400672802 /* LaunchScreen.storyboard */,
				B122B0C420DD06B200672802 /* Main.storyboard */,
				B122B0C720DD06B400672802 /* Assets.xcassets */,
			);
			path = Assets;
			sourceTree = "<group>";
		};
		B122B0D420DD0BA100672802 /* Controller */ = {
			isa = PBXGroup;
			children = (
				B122B0C220DD06B200672802 /* LoginViewController.swift */,
				B1EFF18B20DEBF05004055CC /* LocationsTableViewController.swift */,
				B19940C920DFA62200542717 /* LocationsMapViewController.swift */,
				B19940CB20E01FAA00542717 /* LocationAdditionViewController.swift */,
				B19940CD20E0C72400542717 /* LocationAdditionMapViewController.swift */,
			);
			path = Controller;
			sourceTree = "<group>";
		};
		B1EFF17920DE24A7004055CC /* Model */ = {
			isa = PBXGroup;
			children = (
				B1EFF17A20DE24B4004055CC /* Clients */,
			);
			path = Model;
			sourceTree = "<group>";
		};
		B1EFF17A20DE24B4004055CC /* Clients */ = {
			isa = PBXGroup;
			children = (
				B1EFF17B20DE24C0004055CC /* Udacity */,
				B1EFF17C20DE24CB004055CC /* Parse */,
				B19940CF20E0D07400542717 /* NewStudentLocation.swift */,
				B199412320ED259D00542717 /* StudentLocations.swift */,
			);
			path = Clients;
			sourceTree = "<group>";
		};
		B1EFF17B20DE24C0004055CC /* Udacity */ = {
			isa = PBXGroup;
			children = (
				B1EFF17D20DE24FE004055CC /* UdacityClient.swift */,
				B1EFF17F20DE2511004055CC /* UdacityConvenience.swift */,
				B1EFF18120DE2528004055CC /* UdacityConsants.swift */,
			);
			path = Udacity;
			sourceTree = "<group>";
		};
		B1EFF17C20DE24CB004055CC /* Parse */ = {
			isa = PBXGroup;
			children = (
				B1EFF18320DE99B3004055CC /* ParseClient.swift */,
				B1EFF18520DE99EE004055CC /* ParseConvenience .swift */,
				B1EFF18720DE9A00004055CC /* ParseConstants .swift */,
				B1EFF18920DE9A25004055CC /* StudentInformation.swift */,
			);
			path = Parse;
			sourceTree = "<group>";
		};
/* End PBXGroup section */

/* Begin PBXNativeTarget section */
		B122B0BC20DD06B200672802 /* OnTheMap */ = {
			isa = PBXNativeTarget;
			buildConfigurationList = B122B0CF20DD06B400672802 /* Build configuration list for PBXNativeTarget "OnTheMap" */;
			buildPhases = (
				B122B0B920DD06B200672802 /* Sources */,
				B122B0BA20DD06B200672802 /* Frameworks */,
				B122B0BB20DD06B200672802 /* Resources */,
			);
			buildRules = (
			);
			dependencies = (
			);
			name = OnTheMap;
			productName = OnTheMap;
			productReference = B122B0BD20DD06B200672802 /* OnTheMap.app */;
			productType = "com.apple.product-type.application";
		};
/* End PBXNativeTarget section */

/* Begin PBXProject section */
		B122B0B520DD06B200672802 /* Project object */ = {
			isa = PBXProject;
			attributes = {
				LastSwiftUpdateCheck = 0930;
				LastUpgradeCheck = 0930;
				ORGANIZATIONNAME = "Hamna Usmani";
				TargetAttributes = {
					B122B0BC20DD06B200672802 = {
						CreatedOnToolsVersion = 9.3.1;
					};
				};
			};
			buildConfigurationList = B122B0B820DD06B200672802 /* Build configuration list for PBXProject "OnTheMap" */;
			compatibilityVersion = "Xcode 9.3";
			developmentRegion = en;
			hasScannedForEncodings = 0;
			knownRegions = (
				en,
				Base,
			);
			mainGroup = B122B0B420DD06B200672802;
			productRefGroup = B122B0BE20DD06B200672802 /* Products */;
			projectDirPath = "";
			projectRoot = "";
			targets = (
				B122B0BC20DD06B200672802 /* OnTheMap */,
			);
		};
/* End PBXProject section */

/* Begin PBXResourcesBuildPhase section */
		B122B0BB20DD06B200672802 /* Resources */ = {
			isa = PBXResourcesBuildPhase;
			buildActionMask = 2147483647;
			files = (
				B122B0CB20DD06B400672802 /* LaunchScreen.storyboard in Resources */,
				B122B0C820DD06B400672802 /* Assets.xcassets in Resources */,
				B122B0C620DD06B200672802 /* Main.storyboard in Resources */,
			);
			runOnlyForDeploymentPostprocessing = 0;
		};
/* End PBXResourcesBuildPhase section */

/* Begin PBXSourcesBuildPhase section */
		B122B0B920DD06B200672802 /* Sources */ = {
			isa = PBXSourcesBuildPhase;
			buildActionMask = 2147483647;
			files = (
				B1EFF18220DE2528004055CC /* UdacityConsants.swift in Sources */,
				B1EFF17E20DE24FE004055CC /* UdacityClient.swift in Sources */,
				B19940CA20DFA62200542717 /* LocationsMapViewController.swift in Sources */,
				B19940D020E0D07400542717 /* NewStudentLocation.swift in Sources */,
				B199412420ED259D00542717 /* StudentLocations.swift in Sources */,
				B1EFF18620DE99EE004055CC /* ParseConvenience .swift in Sources */,
				B1EFF18420DE99B3004055CC /* ParseClient.swift in Sources */,
				B122B0C320DD06B200672802 /* LoginViewController.swift in Sources */,
				B122B0D620DD0C2100672802 /* GCDBlackBox.swift in Sources */,
				B19940CC20E01FAA00542717 /* LocationAdditionViewController.swift in Sources */,
				B1EFF18820DE9A00004055CC /* ParseConstants .swift in Sources */,
				B1EFF18020DE2511004055CC /* UdacityConvenience.swift in Sources */,
				B1EFF18A20DE9A25004055CC /* StudentInformation.swift in Sources */,
				B122B0C120DD06B200672802 /* AppDelegate.swift in Sources */,
				B19940CE20E0C72400542717 /* LocationAdditionMapViewController.swift in Sources */,
				B1EFF18C20DEBF05004055CC /* LocationsTableViewController.swift in Sources */,
			);
			runOnlyForDeploymentPostprocessing = 0;
		};
/* End PBXSourcesBuildPhase section */

/* Begin PBXVariantGroup section */
		B122B0C420DD06B200672802 /* Main.storyboard */ = {
			isa = PBXVariantGroup;
			children = (
				B122B0C520DD06B200672802 /* Base */,
			);
			name = Main.storyboard;
			sourceTree = "<group>";
		};
		B122B0C920DD06B400672802 /* LaunchScreen.storyboard */ = {
			isa = PBXVariantGroup;
			children = (
				B122B0CA20DD06B400672802 /* Base */,
			);
			name = LaunchScreen.storyboard;
			sourceTree = "<group>";
		};
/* End PBXVariantGroup section */

/* Begin XCBuildConfiguration section */
		B122B0CD20DD06B400672802 /* Debug */ = {
			isa = XCBuildConfiguration;
			buildSettings = {
				ALWAYS_SEARCH_USER_PATHS = NO;
				CLANG_ANALYZER_NONNULL = YES;
				CLANG_ANALYZER_NUMBER_OBJECT_CONVERSION = YES_AGGRESSIVE;
				CLANG_CXX_LANGUAGE_STANDARD = "gnu++14";
				CLANG_CXX_LIBRARY = "libc++";
				CLANG_ENABLE_MODULES = YES;
				CLANG_ENABLE_OBJC_ARC = YES;
				CLANG_ENABLE_OBJC_WEAK = YES;
				CLANG_WARN_BLOCK_CAPTURE_AUTORELEASING = YES;
				CLANG_WARN_BOOL_CONVERSION = YES;
				CLANG_WARN_COMMA = YES;
				CLANG_WARN_CONSTANT_CONVERSION = YES;
				CLANG_WARN_DEPRECATED_OBJC_IMPLEMENTATIONS = YES;
				CLANG_WARN_DIRECT_OBJC_ISA_USAGE = YES_ERROR;
				CLANG_WARN_DOCUMENTATION_COMMENTS = YES;
				CLANG_WARN_EMPTY_BODY = YES;
				CLANG_WARN_ENUM_CONVERSION = YES;
				CLANG_WARN_INFINITE_RECURSION = YES;
				CLANG_WARN_INT_CONVERSION = YES;
				CLANG_WARN_NON_LITERAL_NULL_CONVERSION = YES;
				CLANG_WARN_OBJC_IMPLICIT_RETAIN_SELF = YES;
				CLANG_WARN_OBJC_LITERAL_CONVERSION = YES;
				CLANG_WARN_OBJC_ROOT_CLASS = YES_ERROR;
				CLANG_WARN_RANGE_LOOP_ANALYSIS = YES;
				CLANG_WARN_STRICT_PROTOTYPES = YES;
				CLANG_WARN_SUSPICIOUS_MOVE = YES;
				CLANG_WARN_UNGUARDED_AVAILABILITY = YES_AGGRESSIVE;
				CLANG_WARN_UNREACHABLE_CODE = YES;
				CLANG_WARN__DUPLICATE_METHOD_MATCH = YES;
				CODE_SIGN_IDENTITY = "iPhone Developer";
				COPY_PHASE_STRIP = NO;
				DEBUG_INFORMATION_FORMAT = dwarf;
				ENABLE_STRICT_OBJC_MSGSEND = YES;
				ENABLE_TESTABILITY = YES;
				GCC_C_LANGUAGE_STANDARD = gnu11;
				GCC_DYNAMIC_NO_PIC = NO;
				GCC_NO_COMMON_BLOCKS = YES;
				GCC_OPTIMIZATION_LEVEL = 0;
				GCC_PREPROCESSOR_DEFINITIONS = (
					"DEBUG=1",
					"$(inherited)",
				);
				GCC_WARN_64_TO_32_BIT_CONVERSION = YES;
				GCC_WARN_ABOUT_RETURN_TYPE = YES_ERROR;
				GCC_WARN_UNDECLARED_SELECTOR = YES;
				GCC_WARN_UNINITIALIZED_AUTOS = YES_AGGRESSIVE;
				GCC_WARN_UNUSED_FUNCTION = YES;
				GCC_WARN_UNUSED_VARIABLE = YES;
				IPHONEOS_DEPLOYMENT_TARGET = 11.3;
				MTL_ENABLE_DEBUG_INFO = YES;
				ONLY_ACTIVE_ARCH = YES;
				SDKROOT = iphoneos;
				SWIFT_ACTIVE_COMPILATION_CONDITIONS = DEBUG;
				SWIFT_OPTIMIZATION_LEVEL = "-Onone";
			};
			name = Debug;
		};
		B122B0CE20DD06B400672802 /* Release */ = {
			isa = XCBuildConfiguration;
			buildSettings = {
				ALWAYS_SEARCH_USER_PATHS = NO;
				CLANG_ANALYZER_NONNULL = YES;
				CLANG_ANALYZER_NUMBER_OBJECT_CONVERSION = YES_AGGRESSIVE;
				CLANG_CXX_LANGUAGE_STANDARD = "gnu++14";
				CLANG_CXX_LIBRARY = "libc++";
				CLANG_ENABLE_MODULES = YES;
				CLANG_ENABLE_OBJC_ARC = YES;
				CLANG_ENABLE_OBJC_WEAK = YES;
				CLANG_WARN_BLOCK_CAPTURE_AUTORELEASING = YES;
				CLANG_WARN_BOOL_CONVERSION = YES;
				CLANG_WARN_COMMA = YES;
				CLANG_WARN_CONSTANT_CONVERSION = YES;
				CLANG_WARN_DEPRECATED_OBJC_IMPLEMENTATIONS = YES;
				CLANG_WARN_DIRECT_OBJC_ISA_USAGE = YES_ERROR;
				CLANG_WARN_DOCUMENTATION_COMMENTS = YES;
				CLANG_WARN_EMPTY_BODY = YES;
				CLANG_WARN_ENUM_CONVERSION = YES;
				CLANG_WARN_INFINITE_RECURSION = YES;
				CLANG_WARN_INT_CONVERSION = YES;
				CLANG_WARN_NON_LITERAL_NULL_CONVERSION = YES;
				CLANG_WARN_OBJC_IMPLICIT_RETAIN_SELF = YES;
				CLANG_WARN_OBJC_LITERAL_CONVERSION = YES;
				CLANG_WARN_OBJC_ROOT_CLASS = YES_ERROR;
				CLANG_WARN_RANGE_LOOP_ANALYSIS = YES;
				CLANG_WARN_STRICT_PROTOTYPES = YES;
				CLANG_WARN_SUSPICIOUS_MOVE = YES;
				CLANG_WARN_UNGUARDED_AVAILABILITY = YES_AGGRESSIVE;
				CLANG_WARN_UNREACHABLE_CODE = YES;
				CLANG_WARN__DUPLICATE_METHOD_MATCH = YES;
				CODE_SIGN_IDENTITY = "iPhone Developer";
				COPY_PHASE_STRIP = NO;
				DEBUG_INFORMATION_FORMAT = "dwarf-with-dsym";
				ENABLE_NS_ASSERTIONS = NO;
				ENABLE_STRICT_OBJC_MSGSEND = YES;
				GCC_C_LANGUAGE_STANDARD = gnu11;
				GCC_NO_COMMON_BLOCKS = YES;
				GCC_WARN_64_TO_32_BIT_CONVERSION = YES;
				GCC_WARN_ABOUT_RETURN_TYPE = YES_ERROR;
				GCC_WARN_UNDECLARED_SELECTOR = YES;
				GCC_WARN_UNINITIALIZED_AUTOS = YES_AGGRESSIVE;
				GCC_WARN_UNUSED_FUNCTION = YES;
				GCC_WARN_UNUSED_VARIABLE = YES;
				IPHONEOS_DEPLOYMENT_TARGET = 11.3;
				MTL_ENABLE_DEBUG_INFO = NO;
				SDKROOT = iphoneos;
				SWIFT_COMPILATION_MODE = wholemodule;
				SWIFT_OPTIMIZATION_LEVEL = "-O";
				VALIDATE_PRODUCT = YES;
			};
			name = Release;
		};
		B122B0D020DD06B400672802 /* Debug */ = {
			isa = XCBuildConfiguration;
			buildSettings = {
				ASSETCATALOG_COMPILER_APPICON_NAME = AppIcon;
				CODE_SIGN_STYLE = Automatic;
				INFOPLIST_FILE = "OnTheMap/Supporting Files/Info.plist";
				LD_RUNPATH_SEARCH_PATHS = (
					"$(inherited)",
					"@executable_path/Frameworks",
				);
				PRODUCT_BUNDLE_IDENTIFIER = Udacity.OnTheMap;
				PRODUCT_NAME = "$(TARGET_NAME)";
				SWIFT_VERSION = 4.0;
				TARGETED_DEVICE_FAMILY = "1,2";
			};
			name = Debug;
		};
		B122B0D120DD06B400672802 /* Release */ = {
			isa = XCBuildConfiguration;
			buildSettings = {
				ASSETCATALOG_COMPILER_APPICON_NAME = AppIcon;
				CODE_SIGN_STYLE = Automatic;
				INFOPLIST_FILE = "OnTheMap/Supporting Files/Info.plist";
				LD_RUNPATH_SEARCH_PATHS = (
					"$(inherited)",
					"@executable_path/Frameworks",
				);
				PRODUCT_BUNDLE_IDENTIFIER = Udacity.OnTheMap;
				PRODUCT_NAME = "$(TARGET_NAME)";
				SWIFT_VERSION = 4.0;
				TARGETED_DEVICE_FAMILY = "1,2";
			};
			name = Release;
		};
/* End XCBuildConfiguration section */

/* Begin XCConfigurationList section */
		B122B0B820DD06B200672802 /* Build configuration list for PBXProject "OnTheMap" */ = {
			isa = XCConfigurationList;
			buildConfigurations = (
				B122B0CD20DD06B400672802 /* Debug */,
				B122B0CE20DD06B400672802 /* Release */,
			);
			defaultConfigurationIsVisible = 0;
			defaultConfigurationName = Release;
		};
		B122B0CF20DD06B400672802 /* Build configuration list for PBXNativeTarget "OnTheMap" */ = {
			isa = XCConfigurationList;
			buildConfigurations = (
				B122B0D020DD06B400672802 /* Debug */,
				B122B0D120DD06B400672802 /* Release */,
			);
			defaultConfigurationIsVisible = 0;
			defaultConfigurationName = Release;
		};
/* End XCConfigurationList section */
	};
	rootObject = B122B0B520DD06B200672802 /* Project object */;
}
